// !$*UTF8*$!
{
	archiveVersion = 1;
	classes = {
	};
	objectVersion = 48;
	objects = {

/* Begin PBXBuildFile section */
		CF1C9A842092FA5C006FA601 /* AppDelegate.swift in Sources */ = {isa = PBXBuildFile; fileRef = CF1C9A832092FA5C006FA601 /* AppDelegate.swift */; };
		CF1C9A862092FA5C006FA601 /* ViewController.swift in Sources */ = {isa = PBXBuildFile; fileRef = CF1C9A852092FA5C006FA601 /* ViewController.swift */; };
		CF1C9A892092FA5C006FA601 /* Main.storyboard in Resources */ = {isa = PBXBuildFile; fileRef = CF1C9A872092FA5C006FA601 /* Main.storyboard */; };
		CF1C9A8B2092FA5C006FA601 /* Assets.xcassets in Resources */ = {isa = PBXBuildFile; fileRef = CF1C9A8A2092FA5C006FA601 /* Assets.xcassets */; };
		CF1C9A8E2092FA5C006FA601 /* LaunchScreen.storyboard in Resources */ = {isa = PBXBuildFile; fileRef = CF1C9A8C2092FA5C006FA601 /* LaunchScreen.storyboard */; };
/* End PBXBuildFile section */

/* Begin PBXFileReference section */
		CF1C9A802092FA5C006FA601 /* boost_pro1.app */ = {isa = PBXFileReference; explicitFileType = wrapper.application; includeInIndex = 0; path = boost_pro1.app; sourceTree = BUILT_PRODUCTS_DIR; };
		CF1C9A832092FA5C006FA601 /* AppDelegate.swift */ = {isa = PBXFileReference; lastKnownFileType = sourcecode.swift; path = AppDelegate.swift; sourceTree = "<group>"; };
		CF1C9A852092FA5C006FA601 /* ViewController.swift */ = {isa = PBXFileReference; lastKnownFileType = sourcecode.swift; path = ViewController.swift; sourceTree = "<group>"; };
		CF1C9A882092FA5C006FA601 /* Base */ = {isa = PBXFileReference; lastKnownFileType = file.storyboard; name = Base; path = Base.lproj/Main.storyboard; sourceTree = "<group>"; };
		CF1C9A8A2092FA5C006FA601 /* Assets.xcassets */ = {isa = PBXFileReference; lastKnownFileType = folder.assetcatalog; path = Assets.xcassets; sourceTree = "<group>"; };
		CF1C9A8D2092FA5C006FA601 /* Base */ = {isa = PBXFileReference; lastKnownFileType = file.storyboard; name = Base; path = Base.lproj/LaunchScreen.storyboard; sourceTree = "<group>"; };
		CF1C9A8F2092FA5C006FA601 /* Info.plist */ = {isa = PBXFileReference; lastKnownFileType = text.plist.xml; path = Info.plist; sourceTree = "<group>"; };
/* End PBXFileReference section */

/* Begin PBXFrameworksBuildPhase section */
		CF1C9A7D2092FA5C006FA601 /* Frameworks */ = {
			isa = PBXFrameworksBuildPhase;
			buildActionMask = 2147483647;
			files = (
			);
			runOnlyForDeploymentPostprocessing = 0;
		};
/* End PBXFrameworksBuildPhase section */

/* Begin PBXGroup section */
		CF1C9A772092FA5C006FA601 = {
			isa = PBXGroup;
			children = (
				CF1C9A822092FA5C006FA601 /* boost_pro1 */,
				CF1C9A812092FA5C006FA601 /* Products */,
			);
			sourceTree = "<group>";
		};
		CF1C9A812092FA5C006FA601 /* Products */ = {
			isa = PBXGroup;
			children = (
				CF1C9A802092FA5C006FA601 /* boost_pro1.app */,
			);
			name = Products;
			sourceTree = "<group>";
		};
		CF1C9A822092FA5C006FA601 /* boost_pro1 */ = {
			isa = PBXGroup;
			children = (
				CF1C9A832092FA5C006FA601 /* AppDelegate.swift */,
				CF1C9A852092FA5C006FA601 /* ViewController.swift */,
				CF1C9A872092FA5C006FA601 /* Main.storyboard */,
				CF1C9A8A2092FA5C006FA601 /* Assets.xcassets */,
				CF1C9A8C2092FA5C006FA601 /* LaunchScreen.storyboard */,
				CF1C9A8F2092FA5C006FA601 /* Info.plist */,
			);
			path = boost_pro1;
			sourceTree = "<group>";
		};
/* End PBXGroup section */

/* Begin PBXNativeTarget section */
		CF1C9A7F2092FA5C006FA601 /* boost_pro1 */ = {
			isa = PBXNativeTarget;
			buildConfigurationList = CF1C9A922092FA5C006FA601 /* Build configuration list for PBXNativeTarget "boost_pro1" */;
			buildPhases = (
				CF1C9A7C2092FA5C006FA601 /* Sources */,
				CF1C9A7D2092FA5C006FA601 /* Frameworks */,
				CF1C9A7E2092FA5C006FA601 /* Resources */,
			);
			buildRules = (
			);
			dependencies = (
			);
			name = boost_pro1;
			productName = boost_pro1;
			productReference = CF1C9A802092FA5C006FA601 /* boost_pro1.app */;
			productType = "com.apple.product-type.application";
		};
/* End PBXNativeTarget section */

/* Begin PBXProject section */
		CF1C9A782092FA5C006FA601 /* Project object */ = {
			isa = PBXProject;
			attributes = {
				LastSwiftUpdateCheck = 0920;
				LastUpgradeCheck = 0920;
				ORGANIZATIONNAME = dong.gyun;
				TargetAttributes = {
					CF1C9A7F2092FA5C006FA601 = {
						CreatedOnToolsVersion = 9.2;
						ProvisioningStyle = Automatic;
					};
				};
			};
			buildConfigurationList = CF1C9A7B2092FA5C006FA601 /* Build configuration list for PBXProject "boost_pro1" */;
			compatibilityVersion = "Xcode 8.0";
			developmentRegion = en;
			hasScannedForEncodings = 0;
			knownRegions = (
				en,
				Base,
			);
			mainGroup = CF1C9A772092FA5C006FA601;
			productRefGroup = CF1C9A812092FA5C006FA601 /* Products */;
			projectDirPath = "";
			projectRoot = "";
			targets = (
				CF1C9A7F2092FA5C006FA601 /* boost_pro1 */,
			);
		};
/* End PBXProject section */

/* Begin PBXResourcesBuildPhase section */
		CF1C9A7E2092FA5C006FA601 /* Resources */ = {
			isa = PBXResourcesBuildPhase;
			buildActionMask = 2147483647;
			files = (
				CF1C9A8E2092FA5C006FA601 /* LaunchScreen.storyboard in Resources */,
				CF1C9A8B2092FA5C006FA601 /* Assets.xcassets in Resources */,
				CF1C9A892092FA5C006FA601 /* Main.storyboard in Resources */,
			);
			runOnlyForDeploymentPostprocessing = 0;
		};
/* End PBXResourcesBuildPhase section */

/* Begin PBXSourcesBuildPhase section */
		CF1C9A7C2092FA5C006FA601 /* Sources */ = {
			isa = PBXSourcesBuildPhase;
			buildActionMask = 2147483647;
			files = (
				CF1C9A862092FA5C006FA601 /* ViewController.swift in Sources */,
				CF1C9A842092FA5C006FA601 /* AppDelegate.swift in Sources */,
			);
			runOnlyForDeploymentPostprocessing = 0;
		};
/* End PBXSourcesBuildPhase section */

/* Begin PBXVariantGroup section */
		CF1C9A872092FA5C006FA601 /* Main.storyboard */ = {
			isa = PBXVariantGroup;
			children = (
				CF1C9A882092FA5C006FA601 /* Base */,
			);
			name = Main.storyboard;
			sourceTree = "<group>";
		};
		CF1C9A8C2092FA5C006FA601 /* LaunchScreen.storyboard */ = {
			isa = PBXVariantGroup;
			children = (
				CF1C9A8D2092FA5C006FA601 /* Base */,
			);
			name = LaunchScreen.storyboard;
			sourceTree = "<group>";
		};
/* End PBXVariantGroup section */

/* Begin XCBuildConfiguration section */
		CF1C9A902092FA5C006FA601 /* Debug */ = {
			isa = XCBuildConfiguration;
			buildSettings = {
				ALWAYS_SEARCH_USER_PATHS = NO;
				CLANG_ANALYZER_NONNULL = YES;
				CLANG_ANALYZER_NUMBER_OBJECT_CONVERSION = YES_AGGRESSIVE;
				CLANG_CXX_LANGUAGE_STANDARD = "gnu++14";
				CLANG_CXX_LIBRARY = "libc++";
				CLANG_ENABLE_MODULES = YES;
				CLANG_ENABLE_OBJC_ARC = YES;
				CLANG_WARN_BLOCK_CAPTURE_AUTORELEASING = YES;
				CLANG_WARN_BOOL_CONVERSION = YES;
				CLANG_WARN_COMMA = YES;
				CLANG_WARN_CONSTANT_CONVERSION = YES;
				CLANG_WARN_DIRECT_OBJC_ISA_USAGE = YES_ERROR;
				CLANG_WARN_DOCUMENTATION_COMMENTS = YES;
				CLANG_WARN_EMPTY_BODY = YES;
				CLANG_WARN_ENUM_CONVERSION = YES;
				CLANG_WARN_INFINITE_RECURSION = YES;
				CLANG_WARN_INT_CONVERSION = YES;
				CLANG_WARN_NON_LITERAL_NULL_CONVERSION = YES;
				CLANG_WARN_OBJC_LITERAL_CONVERSION = YES;
				CLANG_WARN_OBJC_ROOT_CLASS = YES_ERROR;
				CLANG_WARN_RANGE_LOOP_ANALYSIS = YES;
				CLANG_WARN_STRICT_PROTOTYPES = YES;
				CLANG_WARN_SUSPICIOUS_MOVE = YES;
				CLANG_WARN_UNGUARDED_AVAILABILITY = YES_AGGRESSIVE;
				CLANG_WARN_UNREACHABLE_CODE = YES;
				CLANG_WARN__DUPLICATE_METHOD_MATCH = YES;
				CODE_SIGN_IDENTITY = "iPhone Developer";
				COPY_PHASE_STRIP = NO;
				DEBUG_INFORMATION_FORMAT = dwarf;
				ENABLE_STRICT_OBJC_MSGSEND = YES;
				ENABLE_TESTABILITY = YES;
				GCC_C_LANGUAGE_STANDARD = gnu11;
				GCC_DYNAMIC_NO_PIC = NO;
				GCC_NO_COMMON_BLOCKS = YES;
				GCC_OPTIMIZATION_LEVEL = 0;
				GCC_PREPROCESSOR_DEFINITIONS = (
					"DEBUG=1",
					"$(inherited)",
				);
				GCC_WARN_64_TO_32_BIT_CONVERSION = YES;
				GCC_WARN_ABOUT_RETURN_TYPE = YES_ERROR;
				GCC_WARN_UNDECLARED_SELECTOR = YES;
				GCC_WARN_UNINITIALIZED_AUTOS = YES_AGGRESSIVE;
				GCC_WARN_UNUSED_FUNCTION = YES;
				GCC_WARN_UNUSED_VARIABLE = YES;
				IPHONEOS_DEPLOYMENT_TARGET = 11.2;
				MTL_ENABLE_DEBUG_INFO = YES;
				ONLY_ACTIVE_ARCH = YES;
				SDKROOT = iphoneos;
				SWIFT_ACTIVE_COMPILATION_CONDITIONS = DEBUG;
				SWIFT_OPTIMIZATION_LEVEL = "-Onone";
			};
			name = Debug;
		};
		CF1C9A912092FA5C006FA601 /* Release */ = {
			isa = XCBuildConfiguration;
			buildSettings = {
				ALWAYS_SEARCH_USER_PATHS = NO;
				CLANG_ANALYZER_NONNULL = YES;
				CLANG_ANALYZER_NUMBER_OBJECT_CONVERSION = YES_AGGRESSIVE;
				CLANG_CXX_LANGUAGE_STANDARD = "gnu++14";
				CLANG_CXX_LIBRARY = "libc++";
				CLANG_ENABLE_MODULES = YES;
				CLANG_ENABLE_OBJC_ARC = YES;
				CLANG_WARN_BLOCK_CAPTURE_AUTORELEASING = YES;
				CLANG_WARN_BOOL_CONVERSION = YES;
				CLANG_WARN_COMMA = YES;
				CLANG_WARN_CONSTANT_CONVERSION = YES;
				CLANG_WARN_DIRECT_OBJC_ISA_USAGE = YES_ERROR;
				CLANG_WARN_DOCUMENTATION_COMMENTS = YES;
				CLANG_WARN_EMPTY_BODY = YES;
				CLANG_WARN_ENUM_CONVERSION = YES;
				CLANG_WARN_INFINITE_RECURSION = YES;
				CLANG_WARN_INT_CONVERSION = YES;
				CLANG_WARN_NON_LITERAL_NULL_CONVERSION = YES;
				CLANG_WARN_OBJC_LITERAL_CONVERSION = YES;
				CLANG_WARN_OBJC_ROOT_CLASS = YES_ERROR;
				CLANG_WARN_RANGE_LOOP_ANALYSIS = YES;
				CLANG_WARN_STRICT_PROTOTYPES = YES;
				CLANG_WARN_SUSPICIOUS_MOVE = YES;
				CLANG_WARN_UNGUARDED_AVAILABILITY = YES_AGGRESSIVE;
				CLANG_WARN_UNREACHABLE_CODE = YES;
				CLANG_WARN__DUPLICATE_METHOD_MATCH = YES;
				CODE_SIGN_IDENTITY = "iPhone Developer";
				COPY_PHASE_STRIP = NO;
				DEBUG_INFORMATION_FORMAT = "dwarf-with-dsym";
				ENABLE_NS_ASSERTIONS = NO;
				ENABLE_STRICT_OBJC_MSGSEND = YES;
				GCC_C_LANGUAGE_STANDARD = gnu11;
				GCC_NO_COMMON_BLOCKS = YES;
				GCC_WARN_64_TO_32_BIT_CONVERSION = YES;
				GCC_WARN_ABOUT_RETURN_TYPE = YES_ERROR;
				GCC_WARN_UNDECLARED_SELECTOR = YES;
				GCC_WARN_UNINITIALIZED_AUTOS = YES_AGGRESSIVE;
				GCC_WARN_UNUSED_FUNCTION = YES;
				GCC_WARN_UNUSED_VARIABLE = YES;
				IPHONEOS_DEPLOYMENT_TARGET = 11.2;
				MTL_ENABLE_DEBUG_INFO = NO;
				SDKROOT = iphoneos;
				SWIFT_OPTIMIZATION_LEVEL = "-Owholemodule";
				VALIDATE_PRODUCT = YES;
			};
			name = Release;
		};
		CF1C9A932092FA5C006FA601 /* Debug */ = {
			isa = XCBuildConfiguration;
			buildSettings = {
				ASSETCATALOG_COMPILER_APPICON_NAME = AppIcon;
				CODE_SIGN_STYLE = Automatic;
				INFOPLIST_FILE = boost_pro1/Info.plist;
				LD_RUNPATH_SEARCH_PATHS = "$(inherited) @executable_path/Frameworks";
				PRODUCT_BUNDLE_IDENTIFIER = "ourincheon.com.boost-pro1";
				PRODUCT_NAME = "$(TARGET_NAME)";
				SWIFT_VERSION = 4.0;
				TARGETED_DEVICE_FAMILY = "1,2";
			};
			name = Debug;
		};
		CF1C9A942092FA5C006FA601 /* Release */ = {
			isa = XCBuildConfiguration;
			buildSettings = {
				ASSETCATALOG_COMPILER_APPICON_NAME = AppIcon;
				CODE_SIGN_STYLE = Automatic;
				INFOPLIST_FILE = boost_pro1/Info.plist;
				LD_RUNPATH_SEARCH_PATHS = "$(inherited) @executable_path/Frameworks";
				PRODUCT_BUNDLE_IDENTIFIER = "ourincheon.com.boost-pro1";
				PRODUCT_NAME = "$(TARGET_NAME)";
				SWIFT_VERSION = 4.0;
				TARGETED_DEVICE_FAMILY = "1,2";
			};
			name = Release;
		};
/* End XCBuildConfiguration section */

/* Begin XCConfigurationList section */
		CF1C9A7B2092FA5C006FA601 /* Build configuration list for PBXProject "boost_pro1" */ = {
			isa = XCConfigurationList;
			buildConfigurations = (
				CF1C9A902092FA5C006FA601 /* Debug */,
				CF1C9A912092FA5C006FA601 /* Release */,
			);
			defaultConfigurationIsVisible = 0;
			defaultConfigurationName = Release;
		};
		CF1C9A922092FA5C006FA601 /* Build configuration list for PBXNativeTarget "boost_pro1" */ = {
			isa = XCConfigurationList;
			buildConfigurations = (
				CF1C9A932092FA5C006FA601 /* Debug */,
				CF1C9A942092FA5C006FA601 /* Release */,
			);
			defaultConfigurationIsVisible = 0;
			defaultConfigurationName = Release;
		};
/* End XCConfigurationList section */
	};
	rootObject = CF1C9A782092FA5C006FA601 /* Project object */;
}
