// !$*UTF8*$!
{
	archiveVersion = 1;
	classes = {
	};
	objectVersion = 50;
	objects = {

/* Begin PBXBuildFile section */
		C85943EC20B4511E002134F2 /* AppDelegate.swift in Sources */ = {isa = PBXBuildFile; fileRef = C85943EB20B4511E002134F2 /* AppDelegate.swift */; };
		C85943EE20B4511E002134F2 /* ViewController.swift in Sources */ = {isa = PBXBuildFile; fileRef = C85943ED20B4511E002134F2 /* ViewController.swift */; };
		C85943F120B4511E002134F2 /* Main.storyboard in Resources */ = {isa = PBXBuildFile; fileRef = C85943EF20B4511E002134F2 /* Main.storyboard */; };
		C85943F320B4511F002134F2 /* Assets.xcassets in Resources */ = {isa = PBXBuildFile; fileRef = C85943F220B4511F002134F2 /* Assets.xcassets */; };
		C85943F620B4511F002134F2 /* LaunchScreen.storyboard in Resources */ = {isa = PBXBuildFile; fileRef = C85943F420B4511F002134F2 /* LaunchScreen.storyboard */; };
		C859441A20B45805002134F2 /* UserInfomation.swift in Sources */ = {isa = PBXBuildFile; fileRef = C859441920B45805002134F2 /* UserInfomation.swift */; };
		C859441C20B4587A002134F2 /* FirstSingletonVC.swift in Sources */ = {isa = PBXBuildFile; fileRef = C859441B20B4587A002134F2 /* FirstSingletonVC.swift */; };
		C859441E20B4588D002134F2 /* SecondSingletonVC.swift in Sources */ = {isa = PBXBuildFile; fileRef = C859441D20B4588D002134F2 /* SecondSingletonVC.swift */; };
		C859442020B46090002134F2 /* DatePickerVC.swift in Sources */ = {isa = PBXBuildFile; fileRef = C859441F20B46090002134F2 /* DatePickerVC.swift */; };
/* End PBXBuildFile section */

/* Begin PBXContainerItemProxy section */
		C85943FD20B4511F002134F2 /* PBXContainerItemProxy */ = {
			isa = PBXContainerItemProxy;
			containerPortal = C85943E020B4511E002134F2 /* Project object */;
			proxyType = 1;
			remoteGlobalIDString = C85943E720B4511E002134F2;
			remoteInfo = imagePikerView;
		};
		C859440820B4511F002134F2 /* PBXContainerItemProxy */ = {
			isa = PBXContainerItemProxy;
			containerPortal = C85943E020B4511E002134F2 /* Project object */;
			proxyType = 1;
			remoteGlobalIDString = C85943E720B4511E002134F2;
			remoteInfo = imagePikerView;
		};
/* End PBXContainerItemProxy section */

/* Begin PBXFileReference section */
		C85943E820B4511E002134F2 /* imagePikerView.app */ = {isa = PBXFileReference; explicitFileType = wrapper.application; includeInIndex = 0; path = imagePikerView.app; sourceTree = BUILT_PRODUCTS_DIR; };
		C85943EB20B4511E002134F2 /* AppDelegate.swift */ = {isa = PBXFileReference; lastKnownFileType = sourcecode.swift; path = AppDelegate.swift; sourceTree = "<group>"; };
		C85943ED20B4511E002134F2 /* ViewController.swift */ = {isa = PBXFileReference; lastKnownFileType = sourcecode.swift; path = ViewController.swift; sourceTree = "<group>"; };
		C85943F020B4511E002134F2 /* Base */ = {isa = PBXFileReference; lastKnownFileType = file.storyboard; name = Base; path = Base.lproj/Main.storyboard; sourceTree = "<group>"; };
		C85943F220B4511F002134F2 /* Assets.xcassets */ = {isa = PBXFileReference; lastKnownFileType = folder.assetcatalog; path = Assets.xcassets; sourceTree = "<group>"; };
		C85943F520B4511F002134F2 /* Base */ = {isa = PBXFileReference; lastKnownFileType = file.storyboard; name = Base; path = Base.lproj/LaunchScreen.storyboard; sourceTree = "<group>"; };
		C85943F720B4511F002134F2 /* Info.plist */ = {isa = PBXFileReference; lastKnownFileType = text.plist.xml; path = Info.plist; sourceTree = "<group>"; };
		C85943FC20B4511F002134F2 /* imagePikerViewTests.xctest */ = {isa = PBXFileReference; explicitFileType = wrapper.cfbundle; includeInIndex = 0; path = imagePikerViewTests.xctest; sourceTree = BUILT_PRODUCTS_DIR; };
		C859440720B4511F002134F2 /* imagePikerViewUITests.xctest */ = {isa = PBXFileReference; explicitFileType = wrapper.cfbundle; includeInIndex = 0; path = imagePikerViewUITests.xctest; sourceTree = BUILT_PRODUCTS_DIR; };
		C859441920B45805002134F2 /* UserInfomation.swift */ = {isa = PBXFileReference; lastKnownFileType = sourcecode.swift; path = UserInfomation.swift; sourceTree = "<group>"; };
		C859441B20B4587A002134F2 /* FirstSingletonVC.swift */ = {isa = PBXFileReference; lastKnownFileType = sourcecode.swift; path = FirstSingletonVC.swift; sourceTree = "<group>"; };
		C859441D20B4588D002134F2 /* SecondSingletonVC.swift */ = {isa = PBXFileReference; lastKnownFileType = sourcecode.swift; path = SecondSingletonVC.swift; sourceTree = "<group>"; };
		C859441F20B46090002134F2 /* DatePickerVC.swift */ = {isa = PBXFileReference; lastKnownFileType = sourcecode.swift; path = DatePickerVC.swift; sourceTree = "<group>"; };
/* End PBXFileReference section */

/* Begin PBXFrameworksBuildPhase section */
		C85943E520B4511E002134F2 /* Frameworks */ = {
			isa = PBXFrameworksBuildPhase;
			buildActionMask = 2147483647;
			files = (
			);
			runOnlyForDeploymentPostprocessing = 0;
		};
		C85943F920B4511F002134F2 /* Frameworks */ = {
			isa = PBXFrameworksBuildPhase;
			buildActionMask = 2147483647;
			files = (
			);
			runOnlyForDeploymentPostprocessing = 0;
		};
		C859440420B4511F002134F2 /* Frameworks */ = {
			isa = PBXFrameworksBuildPhase;
			buildActionMask = 2147483647;
			files = (
			);
			runOnlyForDeploymentPostprocessing = 0;
		};
/* End PBXFrameworksBuildPhase section */

/* Begin PBXGroup section */
		C85943DF20B4511E002134F2 = {
			isa = PBXGroup;
			children = (
				C85943EA20B4511E002134F2 /* imagePikerView */,
				C85943E920B4511E002134F2 /* Products */,
			);
			sourceTree = "<group>";
		};
		C85943E920B4511E002134F2 /* Products */ = {
			isa = PBXGroup;
			children = (
				C85943E820B4511E002134F2 /* imagePikerView.app */,
				C85943FC20B4511F002134F2 /* imagePikerViewTests.xctest */,
				C859440720B4511F002134F2 /* imagePikerViewUITests.xctest */,
			);
			name = Products;
			sourceTree = "<group>";
		};
		C85943EA20B4511E002134F2 /* imagePikerView */ = {
			isa = PBXGroup;
			children = (
				C85943EB20B4511E002134F2 /* AppDelegate.swift */,
				C85943ED20B4511E002134F2 /* ViewController.swift */,
				C85943EF20B4511E002134F2 /* Main.storyboard */,
				C859441B20B4587A002134F2 /* FirstSingletonVC.swift */,
				C859441D20B4588D002134F2 /* SecondSingletonVC.swift */,
				C859441920B45805002134F2 /* UserInfomation.swift */,
				C859441F20B46090002134F2 /* DatePickerVC.swift */,
				C85943F220B4511F002134F2 /* Assets.xcassets */,
				C85943F420B4511F002134F2 /* LaunchScreen.storyboard */,
				C85943F720B4511F002134F2 /* Info.plist */,
			);
			path = imagePikerView;
			sourceTree = "<group>";
		};
/* End PBXGroup section */

/* Begin PBXNativeTarget section */
		C85943E720B4511E002134F2 /* imagePikerView */ = {
			isa = PBXNativeTarget;
			buildConfigurationList = C859441020B4511F002134F2 /* Build configuration list for PBXNativeTarget "imagePikerView" */;
			buildPhases = (
				C85943E420B4511E002134F2 /* Sources */,
				C85943E520B4511E002134F2 /* Frameworks */,
				C85943E620B4511E002134F2 /* Resources */,
			);
			buildRules = (
			);
			dependencies = (
			);
			name = imagePikerView;
			productName = imagePikerView;
			productReference = C85943E820B4511E002134F2 /* imagePikerView.app */;
			productType = "com.apple.product-type.application";
		};
		C85943FB20B4511F002134F2 /* imagePikerViewTests */ = {
			isa = PBXNativeTarget;
			buildConfigurationList = C859441320B4511F002134F2 /* Build configuration list for PBXNativeTarget "imagePikerViewTests" */;
			buildPhases = (
				C85943F820B4511F002134F2 /* Sources */,
				C85943F920B4511F002134F2 /* Frameworks */,
				C85943FA20B4511F002134F2 /* Resources */,
			);
			buildRules = (
			);
			dependencies = (
				C85943FE20B4511F002134F2 /* PBXTargetDependency */,
			);
			name = imagePikerViewTests;
			productName = imagePikerViewTests;
			productReference = C85943FC20B4511F002134F2 /* imagePikerViewTests.xctest */;
			productType = "com.apple.product-type.bundle.unit-test";
		};
		C859440620B4511F002134F2 /* imagePikerViewUITests */ = {
			isa = PBXNativeTarget;
			buildConfigurationList = C859441620B4511F002134F2 /* Build configuration list for PBXNativeTarget "imagePikerViewUITests" */;
			buildPhases = (
				C859440320B4511F002134F2 /* Sources */,
				C859440420B4511F002134F2 /* Frameworks */,
				C859440520B4511F002134F2 /* Resources */,
			);
			buildRules = (
			);
			dependencies = (
				C859440920B4511F002134F2 /* PBXTargetDependency */,
			);
			name = imagePikerViewUITests;
			productName = imagePikerViewUITests;
			productReference = C859440720B4511F002134F2 /* imagePikerViewUITests.xctest */;
			productType = "com.apple.product-type.bundle.ui-testing";
		};
/* End PBXNativeTarget section */

/* Begin PBXProject section */
		C85943E020B4511E002134F2 /* Project object */ = {
			isa = PBXProject;
			attributes = {
				LastSwiftUpdateCheck = 0930;
				LastUpgradeCheck = 0930;
				ORGANIZATIONNAME = "동균";
				TargetAttributes = {
					C85943E720B4511E002134F2 = {
						CreatedOnToolsVersion = 9.3.1;
					};
					C85943FB20B4511F002134F2 = {
						CreatedOnToolsVersion = 9.3.1;
						TestTargetID = C85943E720B4511E002134F2;
					};
					C859440620B4511F002134F2 = {
						CreatedOnToolsVersion = 9.3.1;
						TestTargetID = C85943E720B4511E002134F2;
					};
				};
			};
			buildConfigurationList = C85943E320B4511E002134F2 /* Build configuration list for PBXProject "imagePikerView" */;
			compatibilityVersion = "Xcode 9.3";
			developmentRegion = en;
			hasScannedForEncodings = 0;
			knownRegions = (
				en,
				Base,
			);
			mainGroup = C85943DF20B4511E002134F2;
			productRefGroup = C85943E920B4511E002134F2 /* Products */;
			projectDirPath = "";
			projectRoot = "";
			targets = (
				C85943E720B4511E002134F2 /* imagePikerView */,
				C85943FB20B4511F002134F2 /* imagePikerViewTests */,
				C859440620B4511F002134F2 /* imagePikerViewUITests */,
			);
		};
/* End PBXProject section */

/* Begin PBXResourcesBuildPhase section */
		C85943E620B4511E002134F2 /* Resources */ = {
			isa = PBXResourcesBuildPhase;
			buildActionMask = 2147483647;
			files = (
				C85943F620B4511F002134F2 /* LaunchScreen.storyboard in Resources */,
				C85943F320B4511F002134F2 /* Assets.xcassets in Resources */,
				C85943F120B4511E002134F2 /* Main.storyboard in Resources */,
			);
			runOnlyForDeploymentPostprocessing = 0;
		};
		C85943FA20B4511F002134F2 /* Resources */ = {
			isa = PBXResourcesBuildPhase;
			buildActionMask = 2147483647;
			files = (
			);
			runOnlyForDeploymentPostprocessing = 0;
		};
		C859440520B4511F002134F2 /* Resources */ = {
			isa = PBXResourcesBuildPhase;
			buildActionMask = 2147483647;
			files = (
			);
			runOnlyForDeploymentPostprocessing = 0;
		};
/* End PBXResourcesBuildPhase section */

/* Begin PBXSourcesBuildPhase section */
		C85943E420B4511E002134F2 /* Sources */ = {
			isa = PBXSourcesBuildPhase;
			buildActionMask = 2147483647;
			files = (
				C85943EE20B4511E002134F2 /* ViewController.swift in Sources */,
				C859441C20B4587A002134F2 /* FirstSingletonVC.swift in Sources */,
				C859441A20B45805002134F2 /* UserInfomation.swift in Sources */,
				C859441E20B4588D002134F2 /* SecondSingletonVC.swift in Sources */,
				C859442020B46090002134F2 /* DatePickerVC.swift in Sources */,
				C85943EC20B4511E002134F2 /* AppDelegate.swift in Sources */,
			);
			runOnlyForDeploymentPostprocessing = 0;
		};
		C85943F820B4511F002134F2 /* Sources */ = {
			isa = PBXSourcesBuildPhase;
			buildActionMask = 2147483647;
			files = (
			);
			runOnlyForDeploymentPostprocessing = 0;
		};
		C859440320B4511F002134F2 /* Sources */ = {
			isa = PBXSourcesBuildPhase;
			buildActionMask = 2147483647;
			files = (
			);
			runOnlyForDeploymentPostprocessing = 0;
		};
/* End PBXSourcesBuildPhase section */

/* Begin PBXTargetDependency section */
		C85943FE20B4511F002134F2 /* PBXTargetDependency */ = {
			isa = PBXTargetDependency;
			target = C85943E720B4511E002134F2 /* imagePikerView */;
			targetProxy = C85943FD20B4511F002134F2 /* PBXContainerItemProxy */;
		};
		C859440920B4511F002134F2 /* PBXTargetDependency */ = {
			isa = PBXTargetDependency;
			target = C85943E720B4511E002134F2 /* imagePikerView */;
			targetProxy = C859440820B4511F002134F2 /* PBXContainerItemProxy */;
		};
/* End PBXTargetDependency section */

/* Begin PBXVariantGroup section */
		C85943EF20B4511E002134F2 /* Main.storyboard */ = {
			isa = PBXVariantGroup;
			children = (
				C85943F020B4511E002134F2 /* Base */,
			);
			name = Main.storyboard;
			sourceTree = "<group>";
		};
		C85943F420B4511F002134F2 /* LaunchScreen.storyboard */ = {
			isa = PBXVariantGroup;
			children = (
				C85943F520B4511F002134F2 /* Base */,
			);
			name = LaunchScreen.storyboard;
			sourceTree = "<group>";
		};
/* End PBXVariantGroup section */

/* Begin XCBuildConfiguration section */
		C859440E20B4511F002134F2 /* Debug */ = {
			isa = XCBuildConfiguration;
			buildSettings = {
				ALWAYS_SEARCH_USER_PATHS = NO;
				CLANG_ANALYZER_NONNULL = YES;
				CLANG_ANALYZER_NUMBER_OBJECT_CONVERSION = YES_AGGRESSIVE;
				CLANG_CXX_LANGUAGE_STANDARD = "gnu++14";
				CLANG_CXX_LIBRARY = "libc++";
				CLANG_ENABLE_MODULES = YES;
				CLANG_ENABLE_OBJC_ARC = YES;
				CLANG_ENABLE_OBJC_WEAK = YES;
				CLANG_WARN_BLOCK_CAPTURE_AUTORELEASING = YES;
				CLANG_WARN_BOOL_CONVERSION = YES;
				CLANG_WARN_COMMA = YES;
				CLANG_WARN_CONSTANT_CONVERSION = YES;
				CLANG_WARN_DEPRECATED_OBJC_IMPLEMENTATIONS = YES;
				CLANG_WARN_DIRECT_OBJC_ISA_USAGE = YES_ERROR;
				CLANG_WARN_DOCUMENTATION_COMMENTS = YES;
				CLANG_WARN_EMPTY_BODY = YES;
				CLANG_WARN_ENUM_CONVERSION = YES;
				CLANG_WARN_INFINITE_RECURSION = YES;
				CLANG_WARN_INT_CONVERSION = YES;
				CLANG_WARN_NON_LITERAL_NULL_CONVERSION = YES;
				CLANG_WARN_OBJC_IMPLICIT_RETAIN_SELF = YES;
				CLANG_WARN_OBJC_LITERAL_CONVERSION = YES;
				CLANG_WARN_OBJC_ROOT_CLASS = YES_ERROR;
				CLANG_WARN_RANGE_LOOP_ANALYSIS = YES;
				CLANG_WARN_STRICT_PROTOTYPES = YES;
				CLANG_WARN_SUSPICIOUS_MOVE = YES;
				CLANG_WARN_UNGUARDED_AVAILABILITY = YES_AGGRESSIVE;
				CLANG_WARN_UNREACHABLE_CODE = YES;
				CLANG_WARN__DUPLICATE_METHOD_MATCH = YES;
				CODE_SIGN_IDENTITY = "iPhone Developer";
				COPY_PHASE_STRIP = NO;
				DEBUG_INFORMATION_FORMAT = dwarf;
				ENABLE_STRICT_OBJC_MSGSEND = YES;
				ENABLE_TESTABILITY = YES;
				GCC_C_LANGUAGE_STANDARD = gnu11;
				GCC_DYNAMIC_NO_PIC = NO;
				GCC_NO_COMMON_BLOCKS = YES;
				GCC_OPTIMIZATION_LEVEL = 0;
				GCC_PREPROCESSOR_DEFINITIONS = (
					"DEBUG=1",
					"$(inherited)",
				);
				GCC_WARN_64_TO_32_BIT_CONVERSION = YES;
				GCC_WARN_ABOUT_RETURN_TYPE = YES_ERROR;
				GCC_WARN_UNDECLARED_SELECTOR = YES;
				GCC_WARN_UNINITIALIZED_AUTOS = YES_AGGRESSIVE;
				GCC_WARN_UNUSED_FUNCTION = YES;
				GCC_WARN_UNUSED_VARIABLE = YES;
				IPHONEOS_DEPLOYMENT_TARGET = 11.3;
				MTL_ENABLE_DEBUG_INFO = YES;
				ONLY_ACTIVE_ARCH = YES;
				SDKROOT = iphoneos;
				SWIFT_ACTIVE_COMPILATION_CONDITIONS = DEBUG;
				SWIFT_OPTIMIZATION_LEVEL = "-Onone";
			};
			name = Debug;
		};
		C859440F20B4511F002134F2 /* Release */ = {
			isa = XCBuildConfiguration;
			buildSettings = {
				ALWAYS_SEARCH_USER_PATHS = NO;
				CLANG_ANALYZER_NONNULL = YES;
				CLANG_ANALYZER_NUMBER_OBJECT_CONVERSION = YES_AGGRESSIVE;
				CLANG_CXX_LANGUAGE_STANDARD = "gnu++14";
				CLANG_CXX_LIBRARY = "libc++";
				CLANG_ENABLE_MODULES = YES;
				CLANG_ENABLE_OBJC_ARC = YES;
				CLANG_ENABLE_OBJC_WEAK = YES;
				CLANG_WARN_BLOCK_CAPTURE_AUTORELEASING = YES;
				CLANG_WARN_BOOL_CONVERSION = YES;
				CLANG_WARN_COMMA = YES;
				CLANG_WARN_CONSTANT_CONVERSION = YES;
				CLANG_WARN_DEPRECATED_OBJC_IMPLEMENTATIONS = YES;
				CLANG_WARN_DIRECT_OBJC_ISA_USAGE = YES_ERROR;
				CLANG_WARN_DOCUMENTATION_COMMENTS = YES;
				CLANG_WARN_EMPTY_BODY = YES;
				CLANG_WARN_ENUM_CONVERSION = YES;
				CLANG_WARN_INFINITE_RECURSION = YES;
				CLANG_WARN_INT_CONVERSION = YES;
				CLANG_WARN_NON_LITERAL_NULL_CONVERSION = YES;
				CLANG_WARN_OBJC_IMPLICIT_RETAIN_SELF = YES;
				CLANG_WARN_OBJC_LITERAL_CONVERSION = YES;
				CLANG_WARN_OBJC_ROOT_CLASS = YES_ERROR;
				CLANG_WARN_RANGE_LOOP_ANALYSIS = YES;
				CLANG_WARN_STRICT_PROTOTYPES = YES;
				CLANG_WARN_SUSPICIOUS_MOVE = YES;
				CLANG_WARN_UNGUARDED_AVAILABILITY = YES_AGGRESSIVE;
				CLANG_WARN_UNREACHABLE_CODE = YES;
				CLANG_WARN__DUPLICATE_METHOD_MATCH = YES;
				CODE_SIGN_IDENTITY = "iPhone Developer";
				COPY_PHASE_STRIP = NO;
				DEBUG_INFORMATION_FORMAT = "dwarf-with-dsym";
				ENABLE_NS_ASSERTIONS = NO;
				ENABLE_STRICT_OBJC_MSGSEND = YES;
				GCC_C_LANGUAGE_STANDARD = gnu11;
				GCC_NO_COMMON_BLOCKS = YES;
				GCC_WARN_64_TO_32_BIT_CONVERSION = YES;
				GCC_WARN_ABOUT_RETURN_TYPE = YES_ERROR;
				GCC_WARN_UNDECLARED_SELECTOR = YES;
				GCC_WARN_UNINITIALIZED_AUTOS = YES_AGGRESSIVE;
				GCC_WARN_UNUSED_FUNCTION = YES;
				GCC_WARN_UNUSED_VARIABLE = YES;
				IPHONEOS_DEPLOYMENT_TARGET = 11.3;
				MTL_ENABLE_DEBUG_INFO = NO;
				SDKROOT = iphoneos;
				SWIFT_COMPILATION_MODE = wholemodule;
				SWIFT_OPTIMIZATION_LEVEL = "-O";
				VALIDATE_PRODUCT = YES;
			};
			name = Release;
		};
		C859441120B4511F002134F2 /* Debug */ = {
			isa = XCBuildConfiguration;
			buildSettings = {
				ASSETCATALOG_COMPILER_APPICON_NAME = AppIcon;
				CODE_SIGN_STYLE = Automatic;
				INFOPLIST_FILE = imagePikerView/Info.plist;
				LD_RUNPATH_SEARCH_PATHS = (
					"$(inherited)",
					"@executable_path/Frameworks",
				);
				PRODUCT_BUNDLE_IDENTIFIER = incheon.com.imagePikerView;
				PRODUCT_NAME = "$(TARGET_NAME)";
				SWIFT_VERSION = 4.0;
				TARGETED_DEVICE_FAMILY = "1,2";
			};
			name = Debug;
		};
		C859441220B4511F002134F2 /* Release */ = {
			isa = XCBuildConfiguration;
			buildSettings = {
				ASSETCATALOG_COMPILER_APPICON_NAME = AppIcon;
				CODE_SIGN_STYLE = Automatic;
				INFOPLIST_FILE = imagePikerView/Info.plist;
				LD_RUNPATH_SEARCH_PATHS = (
					"$(inherited)",
					"@executable_path/Frameworks",
				);
				PRODUCT_BUNDLE_IDENTIFIER = incheon.com.imagePikerView;
				PRODUCT_NAME = "$(TARGET_NAME)";
				SWIFT_VERSION = 4.0;
				TARGETED_DEVICE_FAMILY = "1,2";
			};
			name = Release;
		};
		C859441420B4511F002134F2 /* Debug */ = {
			isa = XCBuildConfiguration;
			buildSettings = {
				ALWAYS_EMBED_SWIFT_STANDARD_LIBRARIES = YES;
				BUNDLE_LOADER = "$(TEST_HOST)";
				CODE_SIGN_STYLE = Automatic;
				INFOPLIST_FILE = imagePikerViewTests/Info.plist;
				LD_RUNPATH_SEARCH_PATHS = (
					"$(inherited)",
					"@executable_path/Frameworks",
					"@loader_path/Frameworks",
				);
				PRODUCT_BUNDLE_IDENTIFIER = incheon.com.imagePikerViewTests;
				PRODUCT_NAME = "$(TARGET_NAME)";
				SWIFT_VERSION = 4.0;
				TARGETED_DEVICE_FAMILY = "1,2";
				TEST_HOST = "$(BUILT_PRODUCTS_DIR)/imagePikerView.app/imagePikerView";
			};
			name = Debug;
		};
		C859441520B4511F002134F2 /* Release */ = {
			isa = XCBuildConfiguration;
			buildSettings = {
				ALWAYS_EMBED_SWIFT_STANDARD_LIBRARIES = YES;
				BUNDLE_LOADER = "$(TEST_HOST)";
				CODE_SIGN_STYLE = Automatic;
				INFOPLIST_FILE = imagePikerViewTests/Info.plist;
				LD_RUNPATH_SEARCH_PATHS = (
					"$(inherited)",
					"@executable_path/Frameworks",
					"@loader_path/Frameworks",
				);
				PRODUCT_BUNDLE_IDENTIFIER = incheon.com.imagePikerViewTests;
				PRODUCT_NAME = "$(TARGET_NAME)";
				SWIFT_VERSION = 4.0;
				TARGETED_DEVICE_FAMILY = "1,2";
				TEST_HOST = "$(BUILT_PRODUCTS_DIR)/imagePikerView.app/imagePikerView";
			};
			name = Release;
		};
		C859441720B4511F002134F2 /* Debug */ = {
			isa = XCBuildConfiguration;
			buildSettings = {
				ALWAYS_EMBED_SWIFT_STANDARD_LIBRARIES = YES;
				CODE_SIGN_STYLE = Automatic;
				INFOPLIST_FILE = imagePikerViewUITests/Info.plist;
				LD_RUNPATH_SEARCH_PATHS = (
					"$(inherited)",
					"@executable_path/Frameworks",
					"@loader_path/Frameworks",
				);
				PRODUCT_BUNDLE_IDENTIFIER = incheon.com.imagePikerViewUITests;
				PRODUCT_NAME = "$(TARGET_NAME)";
				SWIFT_VERSION = 4.0;
				TARGETED_DEVICE_FAMILY = "1,2";
				TEST_TARGET_NAME = imagePikerView;
			};
			name = Debug;
		};
		C859441820B4511F002134F2 /* Release */ = {
			isa = XCBuildConfiguration;
			buildSettings = {
				ALWAYS_EMBED_SWIFT_STANDARD_LIBRARIES = YES;
				CODE_SIGN_STYLE = Automatic;
				INFOPLIST_FILE = imagePikerViewUITests/Info.plist;
				LD_RUNPATH_SEARCH_PATHS = (
					"$(inherited)",
					"@executable_path/Frameworks",
					"@loader_path/Frameworks",
				);
				PRODUCT_BUNDLE_IDENTIFIER = incheon.com.imagePikerViewUITests;
				PRODUCT_NAME = "$(TARGET_NAME)";
				SWIFT_VERSION = 4.0;
				TARGETED_DEVICE_FAMILY = "1,2";
				TEST_TARGET_NAME = imagePikerView;
			};
			name = Release;
		};
/* End XCBuildConfiguration section */

/* Begin XCConfigurationList section */
		C85943E320B4511E002134F2 /* Build configuration list for PBXProject "imagePikerView" */ = {
			isa = XCConfigurationList;
			buildConfigurations = (
				C859440E20B4511F002134F2 /* Debug */,
				C859440F20B4511F002134F2 /* Release */,
			);
			defaultConfigurationIsVisible = 0;
			defaultConfigurationName = Release;
		};
		C859441020B4511F002134F2 /* Build configuration list for PBXNativeTarget "imagePikerView" */ = {
			isa = XCConfigurationList;
			buildConfigurations = (
				C859441120B4511F002134F2 /* Debug */,
				C859441220B4511F002134F2 /* Release */,
			);
			defaultConfigurationIsVisible = 0;
			defaultConfigurationName = Release;
		};
		C859441320B4511F002134F2 /* Build configuration list for PBXNativeTarget "imagePikerViewTests" */ = {
			isa = XCConfigurationList;
			buildConfigurations = (
				C859441420B4511F002134F2 /* Debug */,
				C859441520B4511F002134F2 /* Release */,
			);
			defaultConfigurationIsVisible = 0;
			defaultConfigurationName = Release;
		};
		C859441620B4511F002134F2 /* Build configuration list for PBXNativeTarget "imagePikerViewUITests" */ = {
			isa = XCConfigurationList;
			buildConfigurations = (
				C859441720B4511F002134F2 /* Debug */,
				C859441820B4511F002134F2 /* Release */,
			);
			defaultConfigurationIsVisible = 0;
			defaultConfigurationName = Release;
		};
/* End XCConfigurationList section */
	};
	rootObject = C85943E020B4511E002134F2 /* Project object */;
}
